// !$*UTF8*$!
{
	archiveVersion = 1;
	classes = {
	};
	objectVersion = 46;
	objects = {

/* Begin PBXBuildFile section */
		F3C61D051D6AF65C008ACE63 /* main.m in Sources */ = {isa = PBXBuildFile; fileRef = F3C61D041D6AF65C008ACE63 /* main.m */; };
		F3C61D081D6AF65C008ACE63 /* AppDelegate.m in Sources */ = {isa = PBXBuildFile; fileRef = F3C61D071D6AF65C008ACE63 /* AppDelegate.m */; };
		F3C61D0B1D6AF65C008ACE63 /* ViewController.m in Sources */ = {isa = PBXBuildFile; fileRef = F3C61D0A1D6AF65C008ACE63 /* ViewController.m */; };
		F3C61D0E1D6AF65C008ACE63 /* Main.storyboard in Resources */ = {isa = PBXBuildFile; fileRef = F3C61D0C1D6AF65C008ACE63 /* Main.storyboard */; };
		F3C61D101D6AF65C008ACE63 /* Assets.xcassets in Resources */ = {isa = PBXBuildFile; fileRef = F3C61D0F1D6AF65C008ACE63 /* Assets.xcassets */; };
		F3C61D131D6AF65C008ACE63 /* LaunchScreen.storyboard in Resources */ = {isa = PBXBuildFile; fileRef = F3C61D111D6AF65C008ACE63 /* LaunchScreen.storyboard */; };
		F3C61D1E1D6AF65C008ACE63 /* EventDetectionTests.m in Sources */ = {isa = PBXBuildFile; fileRef = F3C61D1D1D6AF65C008ACE63 /* EventDetectionTests.m */; };
		F3C61D291D6AF65C008ACE63 /* EventDetectionUITests.m in Sources */ = {isa = PBXBuildFile; fileRef = F3C61D281D6AF65C008ACE63 /* EventDetectionUITests.m */; };
		F3C61D3B1D6AF6CE008ACE63 /* libDeep_net_decode.ios.neon.a in Frameworks */ = {isa = PBXBuildFile; fileRef = F3C61D391D6AF6CE008ACE63 /* libDeep_net_decode.ios.neon.a */; };
		F3C61D3C1D6AF6CE008ACE63 /* libdsb_iphone.arm64.a in Frameworks */ = {isa = PBXBuildFile; fileRef = F3C61D3A1D6AF6CE008ACE63 /* libdsb_iphone.arm64.a */; };
/* End PBXBuildFile section */

/* Begin PBXContainerItemProxy section */
		F3C61D1A1D6AF65C008ACE63 /* PBXContainerItemProxy */ = {
			isa = PBXContainerItemProxy;
			containerPortal = F3C61CF81D6AF65C008ACE63 /* Project object */;
			proxyType = 1;
			remoteGlobalIDString = F3C61CFF1D6AF65C008ACE63;
			remoteInfo = EventDetection;
		};
		F3C61D251D6AF65C008ACE63 /* PBXContainerItemProxy */ = {
			isa = PBXContainerItemProxy;
			containerPortal = F3C61CF81D6AF65C008ACE63 /* Project object */;
			proxyType = 1;
			remoteGlobalIDString = F3C61CFF1D6AF65C008ACE63;
			remoteInfo = EventDetection;
		};
/* End PBXContainerItemProxy section */

/* Begin PBXFileReference section */
		F3C61D001D6AF65C008ACE63 /* EventDetection.app */ = {isa = PBXFileReference; explicitFileType = wrapper.application; includeInIndex = 0; path = EventDetection.app; sourceTree = BUILT_PRODUCTS_DIR; };
		F3C61D041D6AF65C008ACE63 /* main.m */ = {isa = PBXFileReference; lastKnownFileType = sourcecode.c.objc; path = main.m; sourceTree = "<group>"; };
		F3C61D061D6AF65C008ACE63 /* AppDelegate.h */ = {isa = PBXFileReference; lastKnownFileType = sourcecode.c.h; path = AppDelegate.h; sourceTree = "<group>"; };
		F3C61D071D6AF65C008ACE63 /* AppDelegate.m */ = {isa = PBXFileReference; lastKnownFileType = sourcecode.c.objc; path = AppDelegate.m; sourceTree = "<group>"; };
		F3C61D091D6AF65C008ACE63 /* ViewController.h */ = {isa = PBXFileReference; lastKnownFileType = sourcecode.c.h; path = ViewController.h; sourceTree = "<group>"; };
		F3C61D0A1D6AF65C008ACE63 /* ViewController.m */ = {isa = PBXFileReference; lastKnownFileType = sourcecode.c.objc; path = ViewController.m; sourceTree = "<group>"; };
		F3C61D0D1D6AF65C008ACE63 /* Base */ = {isa = PBXFileReference; lastKnownFileType = file.storyboard; name = Base; path = Base.lproj/Main.storyboard; sourceTree = "<group>"; };
		F3C61D0F1D6AF65C008ACE63 /* Assets.xcassets */ = {isa = PBXFileReference; lastKnownFileType = folder.assetcatalog; path = Assets.xcassets; sourceTree = "<group>"; };
		F3C61D121D6AF65C008ACE63 /* Base */ = {isa = PBXFileReference; lastKnownFileType = file.storyboard; name = Base; path = Base.lproj/LaunchScreen.storyboard; sourceTree = "<group>"; };
		F3C61D141D6AF65C008ACE63 /* Info.plist */ = {isa = PBXFileReference; lastKnownFileType = text.plist.xml; path = Info.plist; sourceTree = "<group>"; };
		F3C61D191D6AF65C008ACE63 /* EventDetectionTests.xctest */ = {isa = PBXFileReference; explicitFileType = wrapper.cfbundle; includeInIndex = 0; path = EventDetectionTests.xctest; sourceTree = BUILT_PRODUCTS_DIR; };
		F3C61D1D1D6AF65C008ACE63 /* EventDetectionTests.m */ = {isa = PBXFileReference; lastKnownFileType = sourcecode.c.objc; path = EventDetectionTests.m; sourceTree = "<group>"; };
		F3C61D1F1D6AF65C008ACE63 /* Info.plist */ = {isa = PBXFileReference; lastKnownFileType = text.plist.xml; path = Info.plist; sourceTree = "<group>"; };
		F3C61D241D6AF65C008ACE63 /* EventDetectionUITests.xctest */ = {isa = PBXFileReference; explicitFileType = wrapper.cfbundle; includeInIndex = 0; path = EventDetectionUITests.xctest; sourceTree = BUILT_PRODUCTS_DIR; };
		F3C61D281D6AF65C008ACE63 /* EventDetectionUITests.m */ = {isa = PBXFileReference; lastKnownFileType = sourcecode.c.objc; path = EventDetectionUITests.m; sourceTree = "<group>"; };
		F3C61D2A1D6AF65C008ACE63 /* Info.plist */ = {isa = PBXFileReference; lastKnownFileType = text.plist.xml; path = Info.plist; sourceTree = "<group>"; };
		F3C61D371D6AF6CE008ACE63 /* event_detection.h */ = {isa = PBXFileReference; fileEncoding = 4; lastKnownFileType = sourcecode.c.h; path = event_detection.h; sourceTree = "<group>"; };
		F3C61D391D6AF6CE008ACE63 /* libDeep_net_decode.ios.neon.a */ = {isa = PBXFileReference; lastKnownFileType = archive.ar; path = libDeep_net_decode.ios.neon.a; sourceTree = "<group>"; };
		F3C61D3A1D6AF6CE008ACE63 /* libdsb_iphone.arm64.a */ = {isa = PBXFileReference; lastKnownFileType = archive.ar; path = libdsb_iphone.arm64.a; sourceTree = "<group>"; };
/* End PBXFileReference section */

/* Begin PBXFrameworksBuildPhase section */
		F3C61CFD1D6AF65C008ACE63 /* Frameworks */ = {
			isa = PBXFrameworksBuildPhase;
			buildActionMask = 2147483647;
			files = (
				F3C61D3C1D6AF6CE008ACE63 /* libdsb_iphone.arm64.a in Frameworks */,
				F3C61D3B1D6AF6CE008ACE63 /* libDeep_net_decode.ios.neon.a in Frameworks */,
			);
			runOnlyForDeploymentPostprocessing = 0;
		};
		F3C61D161D6AF65C008ACE63 /* Frameworks */ = {
			isa = PBXFrameworksBuildPhase;
			buildActionMask = 2147483647;
			files = (
			);
			runOnlyForDeploymentPostprocessing = 0;
		};
		F3C61D211D6AF65C008ACE63 /* Frameworks */ = {
			isa = PBXFrameworksBuildPhase;
			buildActionMask = 2147483647;
			files = (
			);
			runOnlyForDeploymentPostprocessing = 0;
		};
/* End PBXFrameworksBuildPhase section */

/* Begin PBXGroup section */
		F3C61CF71D6AF65C008ACE63 = {
			isa = PBXGroup;
			children = (
				F3C61D021D6AF65C008ACE63 /* EventDetection */,
				F3C61D1C1D6AF65C008ACE63 /* EventDetectionTests */,
				F3C61D271D6AF65C008ACE63 /* EventDetectionUITests */,
				F3C61D011D6AF65C008ACE63 /* Products */,
			);
			sourceTree = "<group>";
		};
		F3C61D011D6AF65C008ACE63 /* Products */ = {
			isa = PBXGroup;
			children = (
				F3C61D001D6AF65C008ACE63 /* EventDetection.app */,
				F3C61D191D6AF65C008ACE63 /* EventDetectionTests.xctest */,
				F3C61D241D6AF65C008ACE63 /* EventDetectionUITests.xctest */,
			);
			name = Products;
			sourceTree = "<group>";
		};
		F3C61D021D6AF65C008ACE63 /* EventDetection */ = {
			isa = PBXGroup;
			children = (
				F3C61D361D6AF6CE008ACE63 /* include */,
				F3C61D381D6AF6CE008ACE63 /* lib */,
				F3C61D061D6AF65C008ACE63 /* AppDelegate.h */,
				F3C61D071D6AF65C008ACE63 /* AppDelegate.m */,
				F3C61D091D6AF65C008ACE63 /* ViewController.h */,
				F3C61D0A1D6AF65C008ACE63 /* ViewController.m */,
				F3C61D0C1D6AF65C008ACE63 /* Main.storyboard */,
				F3C61D0F1D6AF65C008ACE63 /* Assets.xcassets */,
				F3C61D111D6AF65C008ACE63 /* LaunchScreen.storyboard */,
				F3C61D141D6AF65C008ACE63 /* Info.plist */,
				F3C61D031D6AF65C008ACE63 /* Supporting Files */,
			);
			path = EventDetection;
			sourceTree = "<group>";
		};
		F3C61D031D6AF65C008ACE63 /* Supporting Files */ = {
			isa = PBXGroup;
			children = (
				F3C61D041D6AF65C008ACE63 /* main.m */,
			);
			name = "Supporting Files";
			sourceTree = "<group>";
		};
		F3C61D1C1D6AF65C008ACE63 /* EventDetectionTests */ = {
			isa = PBXGroup;
			children = (
				F3C61D1D1D6AF65C008ACE63 /* EventDetectionTests.m */,
				F3C61D1F1D6AF65C008ACE63 /* Info.plist */,
			);
			path = EventDetectionTests;
			sourceTree = "<group>";
		};
		F3C61D271D6AF65C008ACE63 /* EventDetectionUITests */ = {
			isa = PBXGroup;
			children = (
				F3C61D281D6AF65C008ACE63 /* EventDetectionUITests.m */,
				F3C61D2A1D6AF65C008ACE63 /* Info.plist */,
			);
			path = EventDetectionUITests;
			sourceTree = "<group>";
		};
		F3C61D361D6AF6CE008ACE63 /* include */ = {
			isa = PBXGroup;
			children = (
				F3C61D371D6AF6CE008ACE63 /* event_detection.h */,
			);
			path = include;
			sourceTree = "<group>";
		};
		F3C61D381D6AF6CE008ACE63 /* lib */ = {
			isa = PBXGroup;
			children = (
				F3C61D391D6AF6CE008ACE63 /* libDeep_net_decode.ios.neon.a */,
				F3C61D3A1D6AF6CE008ACE63 /* libdsb_iphone.arm64.a */,
			);
			path = lib;
			sourceTree = "<group>";
		};
/* End PBXGroup section */

/* Begin PBXNativeTarget section */
		F3C61CFF1D6AF65C008ACE63 /* EventDetection */ = {
			isa = PBXNativeTarget;
			buildConfigurationList = F3C61D2D1D6AF65C008ACE63 /* Build configuration list for PBXNativeTarget "EventDetection" */;
			buildPhases = (
				F3C61CFC1D6AF65C008ACE63 /* Sources */,
				F3C61CFD1D6AF65C008ACE63 /* Frameworks */,
				F3C61CFE1D6AF65C008ACE63 /* Resources */,
			);
			buildRules = (
			);
			dependencies = (
			);
			name = EventDetection;
			productName = EventDetection;
			productReference = F3C61D001D6AF65C008ACE63 /* EventDetection.app */;
			productType = "com.apple.product-type.application";
		};
		F3C61D181D6AF65C008ACE63 /* EventDetectionTests */ = {
			isa = PBXNativeTarget;
			buildConfigurationList = F3C61D301D6AF65C008ACE63 /* Build configuration list for PBXNativeTarget "EventDetectionTests" */;
			buildPhases = (
				F3C61D151D6AF65C008ACE63 /* Sources */,
				F3C61D161D6AF65C008ACE63 /* Frameworks */,
				F3C61D171D6AF65C008ACE63 /* Resources */,
			);
			buildRules = (
			);
			dependencies = (
				F3C61D1B1D6AF65C008ACE63 /* PBXTargetDependency */,
			);
			name = EventDetectionTests;
			productName = EventDetectionTests;
			productReference = F3C61D191D6AF65C008ACE63 /* EventDetectionTests.xctest */;
			productType = "com.apple.product-type.bundle.unit-test";
		};
		F3C61D231D6AF65C008ACE63 /* EventDetectionUITests */ = {
			isa = PBXNativeTarget;
			buildConfigurationList = F3C61D331D6AF65C008ACE63 /* Build configuration list for PBXNativeTarget "EventDetectionUITests" */;
			buildPhases = (
				F3C61D201D6AF65C008ACE63 /* Sources */,
				F3C61D211D6AF65C008ACE63 /* Frameworks */,
				F3C61D221D6AF65C008ACE63 /* Resources */,
			);
			buildRules = (
			);
			dependencies = (
				F3C61D261D6AF65C008ACE63 /* PBXTargetDependency */,
			);
			name = EventDetectionUITests;
			productName = EventDetectionUITests;
			productReference = F3C61D241D6AF65C008ACE63 /* EventDetectionUITests.xctest */;
			productType = "com.apple.product-type.bundle.ui-testing";
		};
/* End PBXNativeTarget section */

/* Begin PBXProject section */
		F3C61CF81D6AF65C008ACE63 /* Project object */ = {
			isa = PBXProject;
			attributes = {
				LastUpgradeCheck = 0730;
				ORGANIZATIONNAME = DiDi;
				TargetAttributes = {
					F3C61CFF1D6AF65C008ACE63 = {
						CreatedOnToolsVersion = 7.3.1;
						DevelopmentTeam = 8M38SLXQD5;
					};
					F3C61D181D6AF65C008ACE63 = {
						CreatedOnToolsVersion = 7.3.1;
						TestTargetID = F3C61CFF1D6AF65C008ACE63;
					};
					F3C61D231D6AF65C008ACE63 = {
						CreatedOnToolsVersion = 7.3.1;
						TestTargetID = F3C61CFF1D6AF65C008ACE63;
					};
				};
			};
			buildConfigurationList = F3C61CFB1D6AF65C008ACE63 /* Build configuration list for PBXProject "EventDetection" */;
			compatibilityVersion = "Xcode 3.2";
			developmentRegion = English;
			hasScannedForEncodings = 0;
			knownRegions = (
				en,
				Base,
			);
			mainGroup = F3C61CF71D6AF65C008ACE63;
			productRefGroup = F3C61D011D6AF65C008ACE63 /* Products */;
			projectDirPath = "";
			projectRoot = "";
			targets = (
				F3C61CFF1D6AF65C008ACE63 /* EventDetection */,
				F3C61D181D6AF65C008ACE63 /* EventDetectionTests */,
				F3C61D231D6AF65C008ACE63 /* EventDetectionUITests */,
			);
		};
/* End PBXProject section */

/* Begin PBXResourcesBuildPhase section */
		F3C61CFE1D6AF65C008ACE63 /* Resources */ = {
			isa = PBXResourcesBuildPhase;
			buildActionMask = 2147483647;
			files = (
				F3C61D131D6AF65C008ACE63 /* LaunchScreen.storyboard in Resources */,
				F3C61D101D6AF65C008ACE63 /* Assets.xcassets in Resources */,
				F3C61D0E1D6AF65C008ACE63 /* Main.storyboard in Resources */,
			);
			runOnlyForDeploymentPostprocessing = 0;
		};
		F3C61D171D6AF65C008ACE63 /* Resources */ = {
			isa = PBXResourcesBuildPhase;
			buildActionMask = 2147483647;
			files = (
			);
			runOnlyForDeploymentPostprocessing = 0;
		};
		F3C61D221D6AF65C008ACE63 /* Resources */ = {
			isa = PBXResourcesBuildPhase;
			buildActionMask = 2147483647;
			files = (
			);
			runOnlyForDeploymentPostprocessing = 0;
		};
/* End PBXResourcesBuildPhase section */

/* Begin PBXSourcesBuildPhase section */
		F3C61CFC1D6AF65C008ACE63 /* Sources */ = {
			isa = PBXSourcesBuildPhase;
			buildActionMask = 2147483647;
			files = (
				F3C61D0B1D6AF65C008ACE63 /* ViewController.m in Sources */,
				F3C61D081D6AF65C008ACE63 /* AppDelegate.m in Sources */,
				F3C61D051D6AF65C008ACE63 /* main.m in Sources */,
			);
			runOnlyForDeploymentPostprocessing = 0;
		};
		F3C61D151D6AF65C008ACE63 /* Sources */ = {
			isa = PBXSourcesBuildPhase;
			buildActionMask = 2147483647;
			files = (
				F3C61D1E1D6AF65C008ACE63 /* EventDetectionTests.m in Sources */,
			);
			runOnlyForDeploymentPostprocessing = 0;
		};
		F3C61D201D6AF65C008ACE63 /* Sources */ = {
			isa = PBXSourcesBuildPhase;
			buildActionMask = 2147483647;
			files = (
				F3C61D291D6AF65C008ACE63 /* EventDetectionUITests.m in Sources */,
			);
			runOnlyForDeploymentPostprocessing = 0;
		};
/* End PBXSourcesBuildPhase section */

/* Begin PBXTargetDependency section */
		F3C61D1B1D6AF65C008ACE63 /* PBXTargetDependency */ = {
			isa = PBXTargetDependency;
			target = F3C61CFF1D6AF65C008ACE63 /* EventDetection */;
			targetProxy = F3C61D1A1D6AF65C008ACE63 /* PBXContainerItemProxy */;
		};
		F3C61D261D6AF65C008ACE63 /* PBXTargetDependency */ = {
			isa = PBXTargetDependency;
			target = F3C61CFF1D6AF65C008ACE63 /* EventDetection */;
			targetProxy = F3C61D251D6AF65C008ACE63 /* PBXContainerItemProxy */;
		};
/* End PBXTargetDependency section */

/* Begin PBXVariantGroup section */
		F3C61D0C1D6AF65C008ACE63 /* Main.storyboard */ = {
			isa = PBXVariantGroup;
			children = (
				F3C61D0D1D6AF65C008ACE63 /* Base */,
			);
			name = Main.storyboard;
			sourceTree = "<group>";
		};
		F3C61D111D6AF65C008ACE63 /* LaunchScreen.storyboard */ = {
			isa = PBXVariantGroup;
			children = (
				F3C61D121D6AF65C008ACE63 /* Base */,
			);
			name = LaunchScreen.storyboard;
			sourceTree = "<group>";
		};
/* End PBXVariantGroup section */

/* Begin XCBuildConfiguration section */
		F3C61D2B1D6AF65C008ACE63 /* Debug */ = {
			isa = XCBuildConfiguration;
			buildSettings = {
				ALWAYS_SEARCH_USER_PATHS = NO;
				CLANG_ANALYZER_NONNULL = YES;
				CLANG_CXX_LANGUAGE_STANDARD = "gnu++0x";
				CLANG_CXX_LIBRARY = "libc++";
				CLANG_ENABLE_MODULES = YES;
				CLANG_ENABLE_OBJC_ARC = YES;
				CLANG_WARN_BOOL_CONVERSION = YES;
				CLANG_WARN_CONSTANT_CONVERSION = YES;
				CLANG_WARN_DIRECT_OBJC_ISA_USAGE = YES_ERROR;
				CLANG_WARN_EMPTY_BODY = YES;
				CLANG_WARN_ENUM_CONVERSION = YES;
				CLANG_WARN_INT_CONVERSION = YES;
				CLANG_WARN_OBJC_ROOT_CLASS = YES_ERROR;
				CLANG_WARN_UNREACHABLE_CODE = YES;
				CLANG_WARN__DUPLICATE_METHOD_MATCH = YES;
				"CODE_SIGN_IDENTITY[sdk=iphoneos*]" = "iPhone Developer";
				COPY_PHASE_STRIP = NO;
				DEBUG_INFORMATION_FORMAT = dwarf;
				ENABLE_STRICT_OBJC_MSGSEND = YES;
				ENABLE_TESTABILITY = YES;
				GCC_C_LANGUAGE_STANDARD = gnu99;
				GCC_DYNAMIC_NO_PIC = NO;
				GCC_NO_COMMON_BLOCKS = YES;
				GCC_OPTIMIZATION_LEVEL = 0;
				GCC_PREPROCESSOR_DEFINITIONS = (
					"DEBUG=1",
					"$(inherited)",
				);
				GCC_WARN_64_TO_32_BIT_CONVERSION = YES;
				GCC_WARN_ABOUT_RETURN_TYPE = YES_ERROR;
				GCC_WARN_UNDECLARED_SELECTOR = YES;
				GCC_WARN_UNINITIALIZED_AUTOS = YES_AGGRESSIVE;
				GCC_WARN_UNUSED_FUNCTION = YES;
				GCC_WARN_UNUSED_VARIABLE = YES;
				IPHONEOS_DEPLOYMENT_TARGET = 9.3;
				MTL_ENABLE_DEBUG_INFO = YES;
				ONLY_ACTIVE_ARCH = YES;
				SDKROOT = iphoneos;
				TARGETED_DEVICE_FAMILY = "1,2";
			};
			name = Debug;
		};
		F3C61D2C1D6AF65C008ACE63 /* Release */ = {
			isa = XCBuildConfiguration;
			buildSettings = {
				ALWAYS_SEARCH_USER_PATHS = NO;
				CLANG_ANALYZER_NONNULL = YES;
				CLANG_CXX_LANGUAGE_STANDARD = "gnu++0x";
				CLANG_CXX_LIBRARY = "libc++";
				CLANG_ENABLE_MODULES = YES;
				CLANG_ENABLE_OBJC_ARC = YES;
				CLANG_WARN_BOOL_CONVERSION = YES;
				CLANG_WARN_CONSTANT_CONVERSION = YES;
				CLANG_WARN_DIRECT_OBJC_ISA_USAGE = YES_ERROR;
				CLANG_WARN_EMPTY_BODY = YES;
				CLANG_WARN_ENUM_CONVERSION = YES;
				CLANG_WARN_INT_CONVERSION = YES;
				CLANG_WARN_OBJC_ROOT_CLASS = YES_ERROR;
				CLANG_WARN_UNREACHABLE_CODE = YES;
				CLANG_WARN__DUPLICATE_METHOD_MATCH = YES;
				"CODE_SIGN_IDENTITY[sdk=iphoneos*]" = "iPhone Developer";
				COPY_PHASE_STRIP = NO;
				DEBUG_INFORMATION_FORMAT = "dwarf-with-dsym";
				ENABLE_NS_ASSERTIONS = NO;
				ENABLE_STRICT_OBJC_MSGSEND = YES;
				GCC_C_LANGUAGE_STANDARD = gnu99;
				GCC_NO_COMMON_BLOCKS = YES;
				GCC_WARN_64_TO_32_BIT_CONVERSION = YES;
				GCC_WARN_ABOUT_RETURN_TYPE = YES_ERROR;
				GCC_WARN_UNDECLARED_SELECTOR = YES;
				GCC_WARN_UNINITIALIZED_AUTOS = YES_AGGRESSIVE;
				GCC_WARN_UNUSED_FUNCTION = YES;
				GCC_WARN_UNUSED_VARIABLE = YES;
				IPHONEOS_DEPLOYMENT_TARGET = 9.3;
				MTL_ENABLE_DEBUG_INFO = NO;
				SDKROOT = iphoneos;
				TARGETED_DEVICE_FAMILY = "1,2";
				VALIDATE_PRODUCT = YES;
			};
			name = Release;
		};
		F3C61D2E1D6AF65C008ACE63 /* Debug */ = {
			isa = XCBuildConfiguration;
			buildSettings = {
				ASSETCATALOG_COMPILER_APPICON_NAME = AppIcon;
				CODE_SIGN_IDENTITY = "iPhone Developer";
				INFOPLIST_FILE = EventDetection/Info.plist;
				IPHONEOS_DEPLOYMENT_TARGET = 7.0;
				LD_RUNPATH_SEARCH_PATHS = "$(inherited) @executable_path/Frameworks";
				LIBRARY_SEARCH_PATHS = (
					"$(inherited)",
					"$(PROJECT_DIR)/EventDetection/lib",
				);
				PRODUCT_BUNDLE_IDENTIFIER = com.xiaojukeji.EventDetection;
				PRODUCT_NAME = "$(TARGET_NAME)";
			};
			name = Debug;
		};
		F3C61D2F1D6AF65C008ACE63 /* Release */ = {
			isa = XCBuildConfiguration;
			buildSettings = {
				ASSETCATALOG_COMPILER_APPICON_NAME = AppIcon;
				CODE_SIGN_IDENTITY = "iPhone Developer";
				INFOPLIST_FILE = EventDetection/Info.plist;
				IPHONEOS_DEPLOYMENT_TARGET = 7.0;
				LD_RUNPATH_SEARCH_PATHS = "$(inherited) @executable_path/Frameworks";
				LIBRARY_SEARCH_PATHS = (
					"$(inherited)",
					"$(PROJECT_DIR)/EventDetection/lib",
				);
				PRODUCT_BUNDLE_IDENTIFIER = com.xiaojukeji.EventDetection;
				PRODUCT_NAME = "$(TARGET_NAME)";
			};
			name = Release;
		};
		F3C61D311D6AF65C008ACE63 /* Debug */ = {
			isa = XCBuildConfiguration;
			buildSettings = {
				BUNDLE_LOADER = "$(TEST_HOST)";
				INFOPLIST_FILE = EventDetectionTests/Info.plist;
				LD_RUNPATH_SEARCH_PATHS = "$(inherited) @executable_path/Frameworks @loader_path/Frameworks";
				PRODUCT_BUNDLE_IDENTIFIER = com.xiaojukeji.EventDetectionTests;
				PRODUCT_NAME = "$(TARGET_NAME)";
				TEST_HOST = "$(BUILT_PRODUCTS_DIR)/EventDetection.app/EventDetection";
			};
			name = Debug;
		};
		F3C61D321D6AF65C008ACE63 /* Release */ = {
			isa = XCBuildConfiguration;
			buildSettings = {
				BUNDLE_LOADER = "$(TEST_HOST)";
				INFOPLIST_FILE = EventDetectionTests/Info.plist;
				LD_RUNPATH_SEARCH_PATHS = "$(inherited) @executable_path/Frameworks @loader_path/Frameworks";
				PRODUCT_BUNDLE_IDENTIFIER = com.xiaojukeji.EventDetectionTests;
				PRODUCT_NAME = "$(TARGET_NAME)";
				TEST_HOST = "$(BUILT_PRODUCTS_DIR)/EventDetection.app/EventDetection";
			};
			name = Release;
		};
		F3C61D341D6AF65C008ACE63 /* Debug */ = {
			isa = XCBuildConfiguration;
			buildSettings = {
				INFOPLIST_FILE = EventDetectionUITests/Info.plist;
				LD_RUNPATH_SEARCH_PATHS = "$(inherited) @executable_path/Frameworks @loader_path/Frameworks";
				PRODUCT_BUNDLE_IDENTIFIER = com.xiaojukeji.EventDetectionUITests;
				PRODUCT_NAME = "$(TARGET_NAME)";
				TEST_TARGET_NAME = EventDetection;
			};
			name = Debug;
		};
		F3C61D351D6AF65C008ACE63 /* Release */ = {
			isa = XCBuildConfiguration;
			buildSettings = {
				INFOPLIST_FILE = EventDetectionUITests/Info.plist;
				LD_RUNPATH_SEARCH_PATHS = "$(inherited) @executable_path/Frameworks @loader_path/Frameworks";
				PRODUCT_BUNDLE_IDENTIFIER = com.xiaojukeji.EventDetectionUITests;
				PRODUCT_NAME = "$(TARGET_NAME)";
				TEST_TARGET_NAME = EventDetection;
			};
			name = Release;
		};
/* End XCBuildConfiguration section */

/* Begin XCConfigurationList section */
		F3C61CFB1D6AF65C008ACE63 /* Build configuration list for PBXProject "EventDetection" */ = {
			isa = XCConfigurationList;
			buildConfigurations = (
				F3C61D2B1D6AF65C008ACE63 /* Debug */,
				F3C61D2C1D6AF65C008ACE63 /* Release */,
			);
			defaultConfigurationIsVisible = 0;
			defaultConfigurationName = Release;
		};
		F3C61D2D1D6AF65C008ACE63 /* Build configuration list for PBXNativeTarget "EventDetection" */ = {
			isa = XCConfigurationList;
			buildConfigurations = (
				F3C61D2E1D6AF65C008ACE63 /* Debug */,
				F3C61D2F1D6AF65C008ACE63 /* Release */,
			);
			defaultConfigurationIsVisible = 0;
			defaultConfigurationName = Release;
		};
		F3C61D301D6AF65C008ACE63 /* Build configuration list for PBXNativeTarget "EventDetectionTests" */ = {
			isa = XCConfigurationList;
			buildConfigurations = (
				F3C61D311D6AF65C008ACE63 /* Debug */,
				F3C61D321D6AF65C008ACE63 /* Release */,
			);
			defaultConfigurationIsVisible = 0;
			defaultConfigurationName = Release;
		};
		F3C61D331D6AF65C008ACE63 /* Build configuration list for PBXNativeTarget "EventDetectionUITests" */ = {
			isa = XCConfigurationList;
			buildConfigurations = (
				F3C61D341D6AF65C008ACE63 /* Debug */,
				F3C61D351D6AF65C008ACE63 /* Release */,
			);
			defaultConfigurationIsVisible = 0;
			defaultConfigurationName = Release;
		};
/* End XCConfigurationList section */
	};
	rootObject = F3C61CF81D6AF65C008ACE63 /* Project object */;
}
